PODS:
  - Base-UI-Utils (0.0.14):
    - Base-UI-Utils/BaseController (= 0.0.14)
    - Base-UI-Utils/Extension (= 0.0.14)
    - Base-UI-Utils/Tools (= 0.0.14)
  - Base-UI-Utils/BaseController (0.0.14):
    - Base-UI-Utils/Tools
  - Base-UI-Utils/Extension (0.0.14):
    - Base-UI-Utils/Tools
  - Base-UI-Utils/Tools (0.0.14)
  - SnapKit (4.2.0)

DEPENDENCIES:
  - Base-UI-Utils
  - SnapKit

SPEC REPOS:
  https://github.com/cocoapods/specs.git:
    - Base-UI-Utils
    - SnapKit

SPEC CHECKSUMS:
  Base-UI-Utils: 4c571933239b4bda1caddb94c65dc96e494bbf12
  SnapKit: fe8a619752f3f27075cc9a90244d75c6c3f27e2a

PODFILE CHECKSUM: 3760befc63fb412be30322fe1ac18b0677bba9b1

COCOAPODS: 1.5.3
