PODS:
  - Alamofire (4.9.0)
  - Base-UI-Utils (0.0.24):
    - Base-UI-Utils/BaseController (= 0.0.24)
    - Base-UI-Utils/Extension (= 0.0.24)
    - Base-UI-Utils/Tools (= 0.0.24)
  - Base-UI-Utils/BaseController (0.0.24):
    - Base-UI-Utils/Tools
  - Base-UI-Utils/Extension (0.0.24):
    - Base-UI-Utils/Tools
  - Base-UI-Utils/PhotoViewer (0.0.24):
    - Base-UI-Utils/BaseController
    - Base-UI-Utils/Extension
    - Base-UI-Utils/Tools
    - SDWebImage
  - Base-UI-Utils/Tools (0.0.24)
  - FMDB (2.7.5):
    - FMDB/standard (= 2.7.5)
  - FMDB/standard (2.7.5)
  - HandyJSON (5.0.0)
  - Moya (13.0.1):
    - Moya/Core (= 13.0.1)
  - Moya/Core (13.0.1):
    - Alamofire (~> 4.1)
    - Result (~> 4.1)
  - Realm (3.19.1):
    - Realm/Headers (= 3.19.1)
  - Realm/Headers (3.19.1)
  - RealmSwift (3.19.1):
    - Realm (= 3.19.1)
  - Result (4.1.0)
  - RxCocoa (5.0.0):
    - RxRelay (~> 5)
    - RxSwift (~> 5)
  - RxRelay (5.0.0):
    - RxSwift (~> 5)
  - RxSwift (5.0.0)
  - SDWebImage (5.2.3):
    - SDWebImage/Core (= 5.2.3)
  - SDWebImage/Core (5.2.3)
  - SnapKit (5.0.1)
  - YYModel (1.0.4)

DEPENDENCIES:
  - Alamofire
  - Base-UI-Utils
  - Base-UI-Utils/PhotoViewer
  - FMDB
  - HandyJSON
  - Moya
  - Realm
  - RealmSwift
  - RxCocoa (~> 5)
  - RxSwift (~> 5)
  - SnapKit
  - YYModel

SPEC REPOS:
  trunk:
    - Alamofire
    - Base-UI-Utils
    - FMDB
    - HandyJSON
    - Moya
    - Realm
    - RealmSwift
    - Result
    - RxCocoa
    - RxRelay
    - RxSwift
    - SDWebImage
    - SnapKit
    - YYModel

SPEC CHECKSUMS:
  Alamofire: afc3e7c6db61476cb45cdd23fed06bad03bbc321
  Base-UI-Utils: 8632119f64564391660c80d702644b837a476156
  FMDB: 2ce00b547f966261cd18927a3ddb07cb6f3db82a
  HandyJSON: 992f2d661716d6a91de82d0056927bc7813b5770
  Moya: f4a4b80ff2f8a4ffc208dfb31cd91636622fee6e
  Realm: fb377747e694c7deb62d402400454134fe321bee
  RealmSwift: 1302b0ab60f3105a2b214a735eeb0938607cf16b
  Result: bd966fac789cc6c1563440b348ab2598cc24d5c7
  RxCocoa: fcf32050ac00d801f34a7f71d5e8e7f23026dcd8
  RxRelay: 4f7409406a51a55cd88483f21ed898c234d60f18
  RxSwift: 8b0671caa829a763bbce7271095859121cbd895f
  SDWebImage: 46a7f73228f84ce80990c786e4372cf4db5875ce
  SnapKit: 97b92857e3df3a0c71833cce143274bf6ef8e5eb
  YYModel: 2a7fdd96aaa4b86a824e26d0c517de8928c04b30

PODFILE CHECKSUM: 8718aa0f09bdab7c280deff9c5e37aa79b972b3c

COCOAPODS: 1.8.1
